
Microsoft Visual Studio Solution File, Format Version 12.00
# Visual Studio 15
VisualStudioVersion = 15.0.28307.438
MinimumVisualStudioVersion = 10.0.40219.1
Project("{8BC9CEB8-8B4A-11D0-8D11-00A0C91BC942}") = "백준2225_합분해", "백준2225_합분해\백준2225_합분해.vcxproj", "{F85F24FB-E539-4FC9-9844-0F0930BC906F}"
EndProject
Global
	GlobalSection(SolutionConfigurationPlatforms) = preSolution
		Debug|x64 = Debug|x64
		Debug|x86 = Debug|x86
		Release|x64 = Release|x64
		Release|x86 = Release|x86
	EndGlobalSection
	GlobalSection(ProjectConfigurationPlatforms) = postSolution
		{F85F24FB-E539-4FC9-9844-0F0930BC906F}.Debug|x64.ActiveCfg = Debug|x64
		{F85F24FB-E539-4FC9-9844-0F0930BC906F}.Debug|x64.Build.0 = Debug|x64
		{F85F24FB-E539-4FC9-9844-0F0930BC906F}.Debug|x86.ActiveCfg = Debug|Win32
		{F85F24FB-E539-4FC9-9844-0F0930BC906F}.Debug|x86.Build.0 = Debug|Win32
		{F85F24FB-E539-4FC9-9844-0F0930BC906F}.Release|x64.ActiveCfg = Release|x64
		{F85F24FB-E539-4FC9-9844-0F0930BC906F}.Release|x64.Build.0 = Release|x64
		{F85F24FB-E539-4FC9-9844-0F0930BC906F}.Release|x86.ActiveCfg = Release|Win32
		{F85F24FB-E539-4FC9-9844-0F0930BC906F}.Release|x86.Build.0 = Release|Win32
	EndGlobalSection
	GlobalSection(SolutionProperties) = preSolution
		HideSolutionNode = FALSE
	EndGlobalSection
	GlobalSection(ExtensibilityGlobals) = postSolution
		SolutionGuid = {EE98F8D0-FF8C-4B12-AED4-CE3AEDB20B1F}
	EndGlobalSection
EndGlobal
