
Microsoft Visual Studio Solution File, Format Version 12.00
# Visual Studio 15
VisualStudioVersion = 15.0.28307.438
MinimumVisualStudioVersion = 10.0.40219.1
Project("{8BC9CEB8-8B4A-11D0-8D11-00A0C91BC942}") = "백준11053_가장긴증가하는부분수열", "백준11053_가장긴증가하는부분수열\백준11053_가장긴증가하는부분수열.vcxproj", "{1032E344-B1E9-4D42-89E0-3706890796F8}"
EndProject
Global
	GlobalSection(SolutionConfigurationPlatforms) = preSolution
		Debug|x64 = Debug|x64
		Debug|x86 = Debug|x86
		Release|x64 = Release|x64
		Release|x86 = Release|x86
	EndGlobalSection
	GlobalSection(ProjectConfigurationPlatforms) = postSolution
		{1032E344-B1E9-4D42-89E0-3706890796F8}.Debug|x64.ActiveCfg = Debug|x64
		{1032E344-B1E9-4D42-89E0-3706890796F8}.Debug|x64.Build.0 = Debug|x64
		{1032E344-B1E9-4D42-89E0-3706890796F8}.Debug|x86.ActiveCfg = Debug|Win32
		{1032E344-B1E9-4D42-89E0-3706890796F8}.Debug|x86.Build.0 = Debug|Win32
		{1032E344-B1E9-4D42-89E0-3706890796F8}.Release|x64.ActiveCfg = Release|x64
		{1032E344-B1E9-4D42-89E0-3706890796F8}.Release|x64.Build.0 = Release|x64
		{1032E344-B1E9-4D42-89E0-3706890796F8}.Release|x86.ActiveCfg = Release|Win32
		{1032E344-B1E9-4D42-89E0-3706890796F8}.Release|x86.Build.0 = Release|Win32
	EndGlobalSection
	GlobalSection(SolutionProperties) = preSolution
		HideSolutionNode = FALSE
	EndGlobalSection
	GlobalSection(ExtensibilityGlobals) = postSolution
		SolutionGuid = {B527E949-AF2D-4DCC-8336-B5314821CACD}
	EndGlobalSection
EndGlobal
