
Microsoft Visual Studio Solution File, Format Version 12.00
# Visual Studio 15
VisualStudioVersion = 15.0.28307.438
MinimumVisualStudioVersion = 10.0.40219.1
Project("{8BC9CEB8-8B4A-11D0-8D11-00A0C91BC942}") = "백준11055_가자큰증가부분수열", "백준11055_가자큰증가부분수열\백준11055_가자큰증가부분수열.vcxproj", "{3E369F4A-4FE1-43A7-8F47-4572F67639B8}"
EndProject
Global
	GlobalSection(SolutionConfigurationPlatforms) = preSolution
		Debug|x64 = Debug|x64
		Debug|x86 = Debug|x86
		Release|x64 = Release|x64
		Release|x86 = Release|x86
	EndGlobalSection
	GlobalSection(ProjectConfigurationPlatforms) = postSolution
		{3E369F4A-4FE1-43A7-8F47-4572F67639B8}.Debug|x64.ActiveCfg = Debug|x64
		{3E369F4A-4FE1-43A7-8F47-4572F67639B8}.Debug|x64.Build.0 = Debug|x64
		{3E369F4A-4FE1-43A7-8F47-4572F67639B8}.Debug|x86.ActiveCfg = Debug|Win32
		{3E369F4A-4FE1-43A7-8F47-4572F67639B8}.Debug|x86.Build.0 = Debug|Win32
		{3E369F4A-4FE1-43A7-8F47-4572F67639B8}.Release|x64.ActiveCfg = Release|x64
		{3E369F4A-4FE1-43A7-8F47-4572F67639B8}.Release|x64.Build.0 = Release|x64
		{3E369F4A-4FE1-43A7-8F47-4572F67639B8}.Release|x86.ActiveCfg = Release|Win32
		{3E369F4A-4FE1-43A7-8F47-4572F67639B8}.Release|x86.Build.0 = Release|Win32
	EndGlobalSection
	GlobalSection(SolutionProperties) = preSolution
		HideSolutionNode = FALSE
	EndGlobalSection
	GlobalSection(ExtensibilityGlobals) = postSolution
		SolutionGuid = {79DF5B6C-2950-4689-9B26-3C8265672993}
	EndGlobalSection
EndGlobal
